
Microsoft Visual Studio Solution File, Format Version 12.00
# Visual Studio Version 16
VisualStudioVersion = 16.0.30114.105
MinimumVisualStudioVersion = 10.0.40219.1
Project("{2150E333-8FDC-42A3-9474-1A3956D46DE8}") = "src", "src", "{3B08BB52-7EAD-4CDF-BBB3-2E8A3A472962}"
EndProject
Project("{FAE04EC0-301F-11D3-BF4B-00C04F79EFBC}") = "Projeto.API", "src\1 - Projeto.API\Projeto.API.csproj", "{E53D721E-D59C-43E8-82B9-0883E2A3A6C8}"
EndProject
Project("{FAE04EC0-301F-11D3-BF4B-00C04F79EFBC}") = "Projeto.Domain", "src\2 - Projeto.Domain\Projeto.Domain.csproj", "{8BF887A4-AD2C-48A1-B61F-FA3643247801}"
EndProject
Project("{FAE04EC0-301F-11D3-BF4B-00C04F79EFBC}") = "Projeto.Services", "src\3 - Projeto.Services\Projeto.Services.csproj", "{6647ABEF-8346-4AFF-89F1-A50B416A3603}"
EndProject
Project("{FAE04EC0-301F-11D3-BF4B-00C04F79EFBC}") = "Projeto.Infra", "src\4 - Projeto.Infra\Projeto.Infra.csproj", "{B1B1BACB-CE52-4A3D-8FF4-C8F253C996C8}"
EndProject
Project("{FAE04EC0-301F-11D3-BF4B-00C04F79EFBC}") = "Projeto.Core", "src\5 - Projeto.Core\Projeto.Core.csproj", "{EE133462-EA45-4522-89B6-45B7C73FFEC9}"
EndProject
Global
	GlobalSection(SolutionConfigurationPlatforms) = preSolution
		Debug|Any CPU = Debug|Any CPU
		Debug|x64 = Debug|x64
		Debug|x86 = Debug|x86
		Release|Any CPU = Release|Any CPU
		Release|x64 = Release|x64
		Release|x86 = Release|x86
	EndGlobalSection
	GlobalSection(SolutionProperties) = preSolution
		HideSolutionNode = FALSE
	EndGlobalSection
	GlobalSection(ProjectConfigurationPlatforms) = postSolution
		{E53D721E-D59C-43E8-82B9-0883E2A3A6C8}.Debug|Any CPU.ActiveCfg = Debug|Any CPU
		{E53D721E-D59C-43E8-82B9-0883E2A3A6C8}.Debug|Any CPU.Build.0 = Debug|Any CPU
		{E53D721E-D59C-43E8-82B9-0883E2A3A6C8}.Debug|x64.ActiveCfg = Debug|Any CPU
		{E53D721E-D59C-43E8-82B9-0883E2A3A6C8}.Debug|x64.Build.0 = Debug|Any CPU
		{E53D721E-D59C-43E8-82B9-0883E2A3A6C8}.Debug|x86.ActiveCfg = Debug|Any CPU
		{E53D721E-D59C-43E8-82B9-0883E2A3A6C8}.Debug|x86.Build.0 = Debug|Any CPU
		{E53D721E-D59C-43E8-82B9-0883E2A3A6C8}.Release|Any CPU.ActiveCfg = Release|Any CPU
		{E53D721E-D59C-43E8-82B9-0883E2A3A6C8}.Release|Any CPU.Build.0 = Release|Any CPU
		{E53D721E-D59C-43E8-82B9-0883E2A3A6C8}.Release|x64.ActiveCfg = Release|Any CPU
		{E53D721E-D59C-43E8-82B9-0883E2A3A6C8}.Release|x64.Build.0 = Release|Any CPU
		{E53D721E-D59C-43E8-82B9-0883E2A3A6C8}.Release|x86.ActiveCfg = Release|Any CPU
		{E53D721E-D59C-43E8-82B9-0883E2A3A6C8}.Release|x86.Build.0 = Release|Any CPU
		{8BF887A4-AD2C-48A1-B61F-FA3643247801}.Debug|Any CPU.ActiveCfg = Debug|Any CPU
		{8BF887A4-AD2C-48A1-B61F-FA3643247801}.Debug|Any CPU.Build.0 = Debug|Any CPU
		{8BF887A4-AD2C-48A1-B61F-FA3643247801}.Debug|x64.ActiveCfg = Debug|Any CPU
		{8BF887A4-AD2C-48A1-B61F-FA3643247801}.Debug|x64.Build.0 = Debug|Any CPU
		{8BF887A4-AD2C-48A1-B61F-FA3643247801}.Debug|x86.ActiveCfg = Debug|Any CPU
		{8BF887A4-AD2C-48A1-B61F-FA3643247801}.Debug|x86.Build.0 = Debug|Any CPU
		{8BF887A4-AD2C-48A1-B61F-FA3643247801}.Release|Any CPU.ActiveCfg = Release|Any CPU
		{8BF887A4-AD2C-48A1-B61F-FA3643247801}.Release|Any CPU.Build.0 = Release|Any CPU
		{8BF887A4-AD2C-48A1-B61F-FA3643247801}.Release|x64.ActiveCfg = Release|Any CPU
		{8BF887A4-AD2C-48A1-B61F-FA3643247801}.Release|x64.Build.0 = Release|Any CPU
		{8BF887A4-AD2C-48A1-B61F-FA3643247801}.Release|x86.ActiveCfg = Release|Any CPU
		{8BF887A4-AD2C-48A1-B61F-FA3643247801}.Release|x86.Build.0 = Release|Any CPU
		{6647ABEF-8346-4AFF-89F1-A50B416A3603}.Debug|Any CPU.ActiveCfg = Debug|Any CPU
		{6647ABEF-8346-4AFF-89F1-A50B416A3603}.Debug|Any CPU.Build.0 = Debug|Any CPU
		{6647ABEF-8346-4AFF-89F1-A50B416A3603}.Debug|x64.ActiveCfg = Debug|Any CPU
		{6647ABEF-8346-4AFF-89F1-A50B416A3603}.Debug|x64.Build.0 = Debug|Any CPU
		{6647ABEF-8346-4AFF-89F1-A50B416A3603}.Debug|x86.ActiveCfg = Debug|Any CPU
		{6647ABEF-8346-4AFF-89F1-A50B416A3603}.Debug|x86.Build.0 = Debug|Any CPU
		{6647ABEF-8346-4AFF-89F1-A50B416A3603}.Release|Any CPU.ActiveCfg = Release|Any CPU
		{6647ABEF-8346-4AFF-89F1-A50B416A3603}.Release|Any CPU.Build.0 = Release|Any CPU
		{6647ABEF-8346-4AFF-89F1-A50B416A3603}.Release|x64.ActiveCfg = Release|Any CPU
		{6647ABEF-8346-4AFF-89F1-A50B416A3603}.Release|x64.Build.0 = Release|Any CPU
		{6647ABEF-8346-4AFF-89F1-A50B416A3603}.Release|x86.ActiveCfg = Release|Any CPU
		{6647ABEF-8346-4AFF-89F1-A50B416A3603}.Release|x86.Build.0 = Release|Any CPU
		{B1B1BACB-CE52-4A3D-8FF4-C8F253C996C8}.Debug|Any CPU.ActiveCfg = Debug|Any CPU
		{B1B1BACB-CE52-4A3D-8FF4-C8F253C996C8}.Debug|Any CPU.Build.0 = Debug|Any CPU
		{B1B1BACB-CE52-4A3D-8FF4-C8F253C996C8}.Debug|x64.ActiveCfg = Debug|Any CPU
		{B1B1BACB-CE52-4A3D-8FF4-C8F253C996C8}.Debug|x64.Build.0 = Debug|Any CPU
		{B1B1BACB-CE52-4A3D-8FF4-C8F253C996C8}.Debug|x86.ActiveCfg = Debug|Any CPU
		{B1B1BACB-CE52-4A3D-8FF4-C8F253C996C8}.Debug|x86.Build.0 = Debug|Any CPU
		{B1B1BACB-CE52-4A3D-8FF4-C8F253C996C8}.Release|Any CPU.ActiveCfg = Release|Any CPU
		{B1B1BACB-CE52-4A3D-8FF4-C8F253C996C8}.Release|Any CPU.Build.0 = Release|Any CPU
		{B1B1BACB-CE52-4A3D-8FF4-C8F253C996C8}.Release|x64.ActiveCfg = Release|Any CPU
		{B1B1BACB-CE52-4A3D-8FF4-C8F253C996C8}.Release|x64.Build.0 = Release|Any CPU
		{B1B1BACB-CE52-4A3D-8FF4-C8F253C996C8}.Release|x86.ActiveCfg = Release|Any CPU
		{B1B1BACB-CE52-4A3D-8FF4-C8F253C996C8}.Release|x86.Build.0 = Release|Any CPU
		{EE133462-EA45-4522-89B6-45B7C73FFEC9}.Debug|Any CPU.ActiveCfg = Debug|Any CPU
		{EE133462-EA45-4522-89B6-45B7C73FFEC9}.Debug|Any CPU.Build.0 = Debug|Any CPU
		{EE133462-EA45-4522-89B6-45B7C73FFEC9}.Debug|x64.ActiveCfg = Debug|Any CPU
		{EE133462-EA45-4522-89B6-45B7C73FFEC9}.Debug|x64.Build.0 = Debug|Any CPU
		{EE133462-EA45-4522-89B6-45B7C73FFEC9}.Debug|x86.ActiveCfg = Debug|Any CPU
		{EE133462-EA45-4522-89B6-45B7C73FFEC9}.Debug|x86.Build.0 = Debug|Any CPU
		{EE133462-EA45-4522-89B6-45B7C73FFEC9}.Release|Any CPU.ActiveCfg = Release|Any CPU
		{EE133462-EA45-4522-89B6-45B7C73FFEC9}.Release|Any CPU.Build.0 = Release|Any CPU
		{EE133462-EA45-4522-89B6-45B7C73FFEC9}.Release|x64.ActiveCfg = Release|Any CPU
		{EE133462-EA45-4522-89B6-45B7C73FFEC9}.Release|x64.Build.0 = Release|Any CPU
		{EE133462-EA45-4522-89B6-45B7C73FFEC9}.Release|x86.ActiveCfg = Release|Any CPU
		{EE133462-EA45-4522-89B6-45B7C73FFEC9}.Release|x86.Build.0 = Release|Any CPU
	EndGlobalSection
	GlobalSection(NestedProjects) = preSolution
		{E53D721E-D59C-43E8-82B9-0883E2A3A6C8} = {3B08BB52-7EAD-4CDF-BBB3-2E8A3A472962}
		{8BF887A4-AD2C-48A1-B61F-FA3643247801} = {3B08BB52-7EAD-4CDF-BBB3-2E8A3A472962}
		{6647ABEF-8346-4AFF-89F1-A50B416A3603} = {3B08BB52-7EAD-4CDF-BBB3-2E8A3A472962}
		{B1B1BACB-CE52-4A3D-8FF4-C8F253C996C8} = {3B08BB52-7EAD-4CDF-BBB3-2E8A3A472962}
		{EE133462-EA45-4522-89B6-45B7C73FFEC9} = {3B08BB52-7EAD-4CDF-BBB3-2E8A3A472962}
	EndGlobalSection
EndGlobal
